
Microsoft Visual Studio Solution File, Format Version 12.00
# Visual Studio 15
VisualStudioVersion = 15.0.26608.5
MinimumVisualStudioVersion = 10.0.40219.1
Project("{9A19103F-16F7-4668-BE54-9A1E7A4F7556}") = "Vsts.Cli", "Vsts.Cli\Vsts.Cli.csproj", "{1453633E-A799-4D9D-A16A-4D76F946E7EB}"
EndProject
Project("{9A19103F-16F7-4668-BE54-9A1E7A4F7556}") = "Vsts.Cli.Tests", "Vsts.Cli.Tests\Vsts.Cli.Tests.csproj", "{AE29644F-B8F1-46AA-9B28-D891EF81F476}"
EndProject
Global
	GlobalSection(SolutionConfigurationPlatforms) = preSolution
		Debug|Any CPU = Debug|Any CPU
		Release|Any CPU = Release|Any CPU
	EndGlobalSection
	GlobalSection(ProjectConfigurationPlatforms) = postSolution
		{1453633E-A799-4D9D-A16A-4D76F946E7EB}.Debug|Any CPU.ActiveCfg = Debug|Any CPU
		{1453633E-A799-4D9D-A16A-4D76F946E7EB}.Debug|Any CPU.Build.0 = Debug|Any CPU
		{1453633E-A799-4D9D-A16A-4D76F946E7EB}.Release|Any CPU.ActiveCfg = Release|Any CPU
		{1453633E-A799-4D9D-A16A-4D76F946E7EB}.Release|Any CPU.Build.0 = Release|Any CPU
		{AE29644F-B8F1-46AA-9B28-D891EF81F476}.Debug|Any CPU.ActiveCfg = Debug|Any CPU
		{AE29644F-B8F1-46AA-9B28-D891EF81F476}.Debug|Any CPU.Build.0 = Debug|Any CPU
		{AE29644F-B8F1-46AA-9B28-D891EF81F476}.Release|Any CPU.ActiveCfg = Release|Any CPU
		{AE29644F-B8F1-46AA-9B28-D891EF81F476}.Release|Any CPU.Build.0 = Release|Any CPU
	EndGlobalSection
	GlobalSection(SolutionProperties) = preSolution
		HideSolutionNode = FALSE
	EndGlobalSection
EndGlobal
